
Microsoft Visual Studio Solution File, Format Version 11.00
# Visual Basic Express 2010
Project("{F184B08F-C81C-45F6-A57F-5ABD9991F28F}") = "ch4-5", "ch4-5\ch4-5.vbproj", "{58CC75B3-CA9B-460F-9EB6-33B18FB2056C}"
EndProject
Global
	GlobalSection(SolutionConfigurationPlatforms) = preSolution
		Debug|x86 = Debug|x86
		Release|x86 = Release|x86
	EndGlobalSection
	GlobalSection(ProjectConfigurationPlatforms) = postSolution
		{58CC75B3-CA9B-460F-9EB6-33B18FB2056C}.Debug|x86.ActiveCfg = Debug|x86
		{58CC75B3-CA9B-460F-9EB6-33B18FB2056C}.Debug|x86.Build.0 = Debug|x86
		{58CC75B3-CA9B-460F-9EB6-33B18FB2056C}.Release|x86.ActiveCfg = Release|x86
		{58CC75B3-CA9B-460F-9EB6-33B18FB2056C}.Release|x86.Build.0 = Release|x86
	EndGlobalSection
	GlobalSection(SolutionProperties) = preSolution
		HideSolutionNode = FALSE
	EndGlobalSection
EndGlobal
