
Microsoft Visual Studio Solution File, Format Version 11.00
# Visual Basic Express 2010
Project("{F184B08F-C81C-45F6-A57F-5ABD9991F28F}") = "Ch3-2", "Ch3-2\Ch3-2.vbproj", "{B5C305F0-7371-451B-8222-8C89228588BE}"
EndProject
Global
	GlobalSection(SolutionConfigurationPlatforms) = preSolution
		Debug|x86 = Debug|x86
		Release|x86 = Release|x86
	EndGlobalSection
	GlobalSection(ProjectConfigurationPlatforms) = postSolution
		{B5C305F0-7371-451B-8222-8C89228588BE}.Debug|x86.ActiveCfg = Debug|x86
		{B5C305F0-7371-451B-8222-8C89228588BE}.Debug|x86.Build.0 = Debug|x86
		{B5C305F0-7371-451B-8222-8C89228588BE}.Release|x86.ActiveCfg = Release|x86
		{B5C305F0-7371-451B-8222-8C89228588BE}.Release|x86.Build.0 = Release|x86
	EndGlobalSection
	GlobalSection(SolutionProperties) = preSolution
		HideSolutionNode = FALSE
	EndGlobalSection
EndGlobal
