
Microsoft Visual Studio Solution File, Format Version 11.00
# Visual Basic Express 2010
Project("{F184B08F-C81C-45F6-A57F-5ABD9991F28F}") = "Ch3-4", "Ch3-4\Ch3-4.vbproj", "{ECCFDBFA-1355-4F65-BBAB-C45CB050FCAB}"
EndProject
Global
	GlobalSection(SolutionConfigurationPlatforms) = preSolution
		Debug|x86 = Debug|x86
		Release|x86 = Release|x86
	EndGlobalSection
	GlobalSection(ProjectConfigurationPlatforms) = postSolution
		{ECCFDBFA-1355-4F65-BBAB-C45CB050FCAB}.Debug|x86.ActiveCfg = Debug|x86
		{ECCFDBFA-1355-4F65-BBAB-C45CB050FCAB}.Debug|x86.Build.0 = Debug|x86
		{ECCFDBFA-1355-4F65-BBAB-C45CB050FCAB}.Release|x86.ActiveCfg = Release|x86
		{ECCFDBFA-1355-4F65-BBAB-C45CB050FCAB}.Release|x86.Build.0 = Release|x86
	EndGlobalSection
	GlobalSection(SolutionProperties) = preSolution
		HideSolutionNode = FALSE
	EndGlobalSection
EndGlobal
