
Microsoft Visual Studio Solution File, Format Version 11.00
# Visual Basic Express 2010
Project("{F184B08F-C81C-45F6-A57F-5ABD9991F28F}") = "ch4E-3", "ch4E-3\ch4E-3.vbproj", "{D994CBCB-2B19-4B68-A7D9-062F55D89DAB}"
EndProject
Global
	GlobalSection(SolutionConfigurationPlatforms) = preSolution
		Debug|x86 = Debug|x86
		Release|x86 = Release|x86
	EndGlobalSection
	GlobalSection(ProjectConfigurationPlatforms) = postSolution
		{D994CBCB-2B19-4B68-A7D9-062F55D89DAB}.Debug|x86.ActiveCfg = Debug|x86
		{D994CBCB-2B19-4B68-A7D9-062F55D89DAB}.Debug|x86.Build.0 = Debug|x86
		{D994CBCB-2B19-4B68-A7D9-062F55D89DAB}.Release|x86.ActiveCfg = Release|x86
		{D994CBCB-2B19-4B68-A7D9-062F55D89DAB}.Release|x86.Build.0 = Release|x86
	EndGlobalSection
	GlobalSection(SolutionProperties) = preSolution
		HideSolutionNode = FALSE
	EndGlobalSection
EndGlobal
