
Microsoft Visual Studio Solution File, Format Version 11.00
# Visual Basic Express 2010
Project("{F184B08F-C81C-45F6-A57F-5ABD9991F28F}") = "Ch4E-1", "Ch4E-1\Ch4E-1.vbproj", "{471F33D7-B314-432B-80FC-3C274C0E1F71}"
EndProject
Global
	GlobalSection(SolutionConfigurationPlatforms) = preSolution
		Debug|x86 = Debug|x86
		Release|x86 = Release|x86
	EndGlobalSection
	GlobalSection(ProjectConfigurationPlatforms) = postSolution
		{471F33D7-B314-432B-80FC-3C274C0E1F71}.Debug|x86.ActiveCfg = Debug|x86
		{471F33D7-B314-432B-80FC-3C274C0E1F71}.Debug|x86.Build.0 = Debug|x86
		{471F33D7-B314-432B-80FC-3C274C0E1F71}.Release|x86.ActiveCfg = Release|x86
		{471F33D7-B314-432B-80FC-3C274C0E1F71}.Release|x86.Build.0 = Release|x86
	EndGlobalSection
	GlobalSection(SolutionProperties) = preSolution
		HideSolutionNode = FALSE
	EndGlobalSection
EndGlobal
