
Microsoft Visual Studio Solution File, Format Version 11.00
# Visual Basic Express 2010
Project("{F184B08F-C81C-45F6-A57F-5ABD9991F28F}") = "ch4-4", "ch4-4\ch4-4.vbproj", "{0BC9A7A4-A267-442B-A755-DF41FD05CB34}"
EndProject
Global
	GlobalSection(SolutionConfigurationPlatforms) = preSolution
		Debug|x86 = Debug|x86
		Release|x86 = Release|x86
	EndGlobalSection
	GlobalSection(ProjectConfigurationPlatforms) = postSolution
		{0BC9A7A4-A267-442B-A755-DF41FD05CB34}.Debug|x86.ActiveCfg = Debug|x86
		{0BC9A7A4-A267-442B-A755-DF41FD05CB34}.Debug|x86.Build.0 = Debug|x86
		{0BC9A7A4-A267-442B-A755-DF41FD05CB34}.Release|x86.ActiveCfg = Release|x86
		{0BC9A7A4-A267-442B-A755-DF41FD05CB34}.Release|x86.Build.0 = Release|x86
	EndGlobalSection
	GlobalSection(SolutionProperties) = preSolution
		HideSolutionNode = FALSE
	EndGlobalSection
EndGlobal
