
Microsoft Visual Studio Solution File, Format Version 11.00
# Visual Basic Express 2010
Project("{F184B08F-C81C-45F6-A57F-5ABD9991F28F}") = "ch4-1", "ch4-1\ch4-1.vbproj", "{47754A00-797D-4C6A-B7B6-3F6B9DEF29DB}"
EndProject
Global
	GlobalSection(SolutionConfigurationPlatforms) = preSolution
		Debug|x86 = Debug|x86
		Release|x86 = Release|x86
	EndGlobalSection
	GlobalSection(ProjectConfigurationPlatforms) = postSolution
		{47754A00-797D-4C6A-B7B6-3F6B9DEF29DB}.Debug|x86.ActiveCfg = Debug|x86
		{47754A00-797D-4C6A-B7B6-3F6B9DEF29DB}.Debug|x86.Build.0 = Debug|x86
		{47754A00-797D-4C6A-B7B6-3F6B9DEF29DB}.Release|x86.ActiveCfg = Release|x86
		{47754A00-797D-4C6A-B7B6-3F6B9DEF29DB}.Release|x86.Build.0 = Release|x86
	EndGlobalSection
	GlobalSection(SolutionProperties) = preSolution
		HideSolutionNode = FALSE
	EndGlobalSection
EndGlobal
