
Microsoft Visual Studio Solution File, Format Version 11.00
# Visual Basic Express 2010
Project("{F184B08F-C81C-45F6-A57F-5ABD9991F28F}") = "Ch5-3-binarySearch", "Ch5-3-binarySearch\Ch5-3-binarySearch.vbproj", "{5A810F7B-8CCE-46AD-A417-028BFAD6C3ED}"
EndProject
Global
	GlobalSection(SolutionConfigurationPlatforms) = preSolution
		Debug|x86 = Debug|x86
		Release|x86 = Release|x86
	EndGlobalSection
	GlobalSection(ProjectConfigurationPlatforms) = postSolution
		{5A810F7B-8CCE-46AD-A417-028BFAD6C3ED}.Debug|x86.ActiveCfg = Debug|x86
		{5A810F7B-8CCE-46AD-A417-028BFAD6C3ED}.Debug|x86.Build.0 = Debug|x86
		{5A810F7B-8CCE-46AD-A417-028BFAD6C3ED}.Release|x86.ActiveCfg = Release|x86
		{5A810F7B-8CCE-46AD-A417-028BFAD6C3ED}.Release|x86.Build.0 = Release|x86
	EndGlobalSection
	GlobalSection(SolutionProperties) = preSolution
		HideSolutionNode = FALSE
	EndGlobalSection
EndGlobal
